
Microsoft Visual Studio Solution File, Format Version 12.00
# Visual Studio Version 17
VisualStudioVersion = 17.5.33414.496
MinimumVisualStudioVersion = 10.0.40219.1
Project("{FAE04EC0-301F-11D3-BF4B-00C04F79EFBC}") = "BookStoreApp.API", "BookStoreApp.API\BookStoreApp.API.csproj", "{081251AC-DC3D-415A-8DA5-9975196D4489}"
EndProject
Global
	GlobalSection(SolutionConfigurationPlatforms) = preSolution
		Debug|Any CPU = Debug|Any CPU
		Release|Any CPU = Release|Any CPU
	EndGlobalSection
	GlobalSection(ProjectConfigurationPlatforms) = postSolution
		{081251AC-DC3D-415A-8DA5-9975196D4489}.Debug|Any CPU.ActiveCfg = Debug|Any CPU
		{081251AC-DC3D-415A-8DA5-9975196D4489}.Debug|Any CPU.Build.0 = Debug|Any CPU
		{081251AC-DC3D-415A-8DA5-9975196D4489}.Release|Any CPU.ActiveCfg = Release|Any CPU
		{081251AC-DC3D-415A-8DA5-9975196D4489}.Release|Any CPU.Build.0 = Release|Any CPU
	EndGlobalSection
	GlobalSection(SolutionProperties) = preSolution
		HideSolutionNode = FALSE
	EndGlobalSection
	GlobalSection(ExtensibilityGlobals) = postSolution
		SolutionGuid = {B761EAB9-61AC-4B68-AED6-F48F0EE617D7}
	EndGlobalSection
EndGlobal
